<?xml version="1.0" encoding="UTF-8" standalone="yes" ?>
<CodeBlocks_project_file>
	<FileVersion major="1" minor="6" />
	<Project>
		<Option title="dribble" />
		<Option makefile_is_custom="1" />
		<Option pch_mode="2" />
		<Option compiler="gcc" />
		<MakeCommands>
			<Build command="$make -f $makefile" />
			<CompileFile command="$make -f $makefile" />
			<Clean command="$make -f $makefile clean" />
			<DistClean command="$make -f $makefile distclean$target" />
			<AskRebuildNeeded command="$make -q -f $makefile" />
			<SilentBuild command="$make -f $makefile &gt; $(CMD_NULL)" />
		</MakeCommands>
		<Build>
			<Target title="Release">
				<Option output="examples/dribble/dribble" prefix_auto="1" extension_auto="1" />
				<Option working_dir="examples/dribble" />
				<Option object_output="obj/Release/" />
				<Option type="1" />
				<Option compiler="gcc" />
				<Compiler>
					<Add option="-O2" />
				</Compiler>
				<Linker>
					<Add option="-s" />
				</Linker>
				<MakeCommands>
					<Build command="$make -f $makefile" />
					<CompileFile command="$make -f $makefile" />
					<Clean command="$make -f $makefile clean" />
					<DistClean command="$make -f $makefile distclean$target" />
					<AskRebuildNeeded command="$make -q -f $makefile" />
					<SilentBuild command="$make -f $makefile &gt; $(CMD_NULL)" />
				</MakeCommands>
			</Target>
		</Build>
		<Compiler>
			<Add option="-Wall" />
		</Compiler>
		<Unit filename="AST/ast.hh" />
		<Unit filename="AST/ast.ih" />
		<Unit filename="AST/find.cc" />
		<Unit filename="AST/findall.cc" />
		<Unit filename="AST/findalldeep.cc" />
		<Unit filename="AST/finddeep.cc" />
		<Unit filename="AST/select.cc" />
		<Unit filename="AST/selectall.cc" />
		<Unit filename="Action/RC3DAction/rc3daction.hh" />
		<Unit filename="Action/action.hh" />
		<Unit filename="AgentModel/AgentModel.cc" />
		<Unit filename="AgentModel/agentmodel.hh" />
		<Unit filename="AgentModel/agentmodel.ih" />
		<Unit filename="AgentModel/checkDirectionOfFall.cc" />
		<Unit filename="AgentModel/getBodyCopy.cc" />
		<Unit filename="AgentModel/getBodyPartCopy.cc" />
		<Unit filename="AgentModel/getJointName.cc" />
		<Unit filename="AgentModel/initBody.cc" />
		<Unit filename="AgentModel/initBody2.cc" />
		<Unit filename="AgentModel/isDown.cc" />
		<Unit filename="AgentModel/jointAnglesForAnklePosition.cc" />
		<Unit filename="AgentModel/onMyBack.cc" />
		<Unit filename="AgentModel/onMyBelly.cc" />
		<Unit filename="AgentModel/onMyFeet.cc" />
		<Unit filename="AgentModel/onMySide.cc" />
		<Unit filename="AgentModel/predict.cc" />
		<Unit filename="AgentModel/setUnum.cc" />
		<Unit filename="AgentModel/update.cc" />
		<Unit filename="AgentModel/updateCOM.cc" />
		<Unit filename="AgentModel/updatePosture.cc" />
		<Unit filename="BatsEvent/batsevent.hh" />
		<Unit filename="BatsException/batsexception.hh" />
		<Unit filename="BodyPart/bodypart.hh" />
		<Unit filename="Cerebellum/addAction.cc" />
		<Unit filename="Cerebellum/cerebellum.cc" />
		<Unit filename="Cerebellum/cerebellum.hh" />
		<Unit filename="Cerebellum/cerebellum.ih" />
		<Unit filename="Cerebellum/outputCommands.cc" />
		<Unit filename="Clock/RC3DClock/rc3dclock.hh" />
		<Unit filename="Clock/RC3DClock/rc3dclock.ih" />
		<Unit filename="Clock/RC3DClock/update.cc" />
		<Unit filename="Clock/clock.hh" />
		<Unit filename="Cochlea/Cochlea.cc" />
		<Unit filename="Cochlea/cochlea.hh" />
		<Unit filename="Cochlea/cochlea.ih" />
		<Unit filename="Cochlea/getLineJunctions.cc" />
		<Unit filename="Cochlea/integrate.cc" />
		<Unit filename="Cochlea/nameOf.cc" />
		<Unit filename="Cochlea/parsePolar.cc" />
		<Unit filename="Cochlea/parseScalar.cc" />
		<Unit filename="Cochlea/parseTransform.cc" />
		<Unit filename="Cochlea/parseVect.cc" />
		<Unit filename="Cochlea/synthesizeDerivedData.cc" />
		<Unit filename="Cochlea/translateInfo.cc" />
		<Unit filename="Cochlea/update.cc" />
		<Unit filename="Conf/Conf.cc" />
		<Unit filename="Conf/conf.hh" />
		<Unit filename="Conf/conf.ih" />
		<Unit filename="Conf/parseConf.cc" />
		<Unit filename="Conf/selectxpath.cc" />
		<Unit filename="Conf/xmlattr.hh" />
		<Unit filename="Conf/xmlnode.hh" />
		<Unit filename="Conf/xmlnodeset.hh" />
		<Unit filename="Configurable/configurable.hh" />
		<Unit filename="Debugger/EmptyDebugger/emptydebugger.hh" />
		<Unit filename="Debugger/GtkDebugger/GtkDebugger.cc" />
		<Unit filename="Debugger/GtkDebugger/drawBall.cc" />
		<Unit filename="Debugger/GtkDebugger/drawCurve.cc" />
		<Unit filename="Debugger/GtkDebugger/drawField.cc" />
		<Unit filename="Debugger/GtkDebugger/drawPlayers.cc" />
		<Unit filename="Debugger/GtkDebugger/drawSelf.cc" />
		<Unit filename="Debugger/GtkDebugger/drawShapes.cc" />
		<Unit filename="Debugger/GtkDebugger/gtkdebugger.hh" />
		<Unit filename="Debugger/GtkDebugger/gtkdebugger.ih" />
		<Unit filename="Debugger/GtkDebugger/init.cc" />
		<Unit filename="Debugger/GtkDebugger/onDebugText.cc" />
		<Unit filename="Debugger/GtkDebugger/onDrawingAreaExpose.cc" />
		<Unit filename="Debugger/GtkDebugger/onThinkEnd.cc" />
		<Unit filename="Debugger/GtkDebugger/plot.cc" />
		<Unit filename="Debugger/GtkDebugger/reDraw.cc" />
		<Unit filename="Debugger/GtkDebugger/run.cc" />
		<Unit filename="Debugger/GtkDebugger/start.cc" />
		<Unit filename="Debugger/RoboVizDebugger/RoboVizDebugger.cc" />
		<Unit filename="Debugger/RoboVizDebugger/drawAgentAnnotation.cc" />
		<Unit filename="Debugger/RoboVizDebugger/drawAnnotation.cc" />
		<Unit filename="Debugger/RoboVizDebugger/drawCircle.cc" />
		<Unit filename="Debugger/RoboVizDebugger/drawCurve.cc" />
		<Unit filename="Debugger/RoboVizDebugger/drawLine.cc" />
		<Unit filename="Debugger/RoboVizDebugger/drawPlayerSkeleton.cc" />
		<Unit filename="Debugger/RoboVizDebugger/drawPoint.cc" />
		<Unit filename="Debugger/RoboVizDebugger/drawPolygon.cc" />
		<Unit filename="Debugger/RoboVizDebugger/drawProgressCircle.cc" />
		<Unit filename="Debugger/RoboVizDebugger/drawShapes.cc" />
		<Unit filename="Debugger/RoboVizDebugger/drawSphere.cc" />
		<Unit filename="Debugger/RoboVizDebugger/drawTransformationAxes.cc" />
		<Unit filename="Debugger/RoboVizDebugger/getSetName.cc" />
		<Unit filename="Debugger/RoboVizDebugger/init.cc" />
		<Unit filename="Debugger/RoboVizDebugger/onThinkEnd.cc" />
		<Unit filename="Debugger/RoboVizDebugger/plot.cc" />
		<Unit filename="Debugger/RoboVizDebugger/reDraw.cc" />
		<Unit filename="Debugger/RoboVizDebugger/robovizdebugger.hh" />
		<Unit filename="Debugger/RoboVizDebugger/robovizdebugger.ih" />
		<Unit filename="Debugger/RoboVizDebugger/start.cc" />
		<Unit filename="Debugger/debugger.hh" />
		<Unit filename="Distribution/NormalDistribution/draw.cc" />
		<Unit filename="Distribution/NormalDistribution/getP.cc" />
		<Unit filename="Distribution/NormalDistribution/init.cc" />
		<Unit filename="Distribution/NormalDistribution/normaldistribution.hh" />
		<Unit filename="Distribution/NormalDistribution/normaldistribution.ih" />
		<Unit filename="Distribution/NormalDistribution/predict.cc" />
		<Unit filename="Distribution/NormalDistribution/update.cc" />
		<Unit filename="Distribution/distribution.hh" />
		<Unit filename="DistributionTracker/distributiontracker.hh" />
		<Unit filename="HumanoidAgent/humanoidagent.hh" />
		<Unit filename="HumanoidAgent/humanoidagent.ih" />
		<Unit filename="HumanoidAgent/run.cc" />
		<Unit filename="HumanoidAgent/startUp.cc" />
		<Unit filename="HumanoidAgent/static.cc" />
		<Unit filename="JointController/GaitGenerator/IKGaitGenerator/IKGaitGenerator.cc" />
		<Unit filename="JointController/GaitGenerator/IKGaitGenerator/determineNextStep.cc" />
		<Unit filename="JointController/GaitGenerator/IKGaitGenerator/determineSwingFootEnd.cc" />
		<Unit filename="JointController/GaitGenerator/IKGaitGenerator/doStep.cc" />
		<Unit filename="JointController/GaitGenerator/IKGaitGenerator/fillJointAngles.cc" />
		<Unit filename="JointController/GaitGenerator/IKGaitGenerator/ikgaitgenerator.hh" />
		<Unit filename="JointController/GaitGenerator/IKGaitGenerator/ikgaitgenerator.ih" />
		<Unit filename="JointController/GaitGenerator/IKGaitGenerator/resetGait.cc" />
		<Unit filename="JointController/GaitGenerator/IKGaitGenerator/run.cc" />
		<Unit filename="JointController/GaitGenerator/IKGaitGenerator/updatePhase.cc" />
		<Unit filename="JointController/GaitGenerator/IKGaitGenerator/updateSpeed.cc" />
		<Unit filename="JointController/GaitGenerator/gaitgenerator.hh" />
		<Unit filename="JointController/MotionSequencePlayer/checkFirstRun.cc" />
		<Unit filename="JointController/MotionSequencePlayer/checkSequenceDone.cc" />
		<Unit filename="JointController/MotionSequencePlayer/loadSequenceFromConf.cc" />
		<Unit filename="JointController/MotionSequencePlayer/motionsequenceplayer.hh" />
		<Unit filename="JointController/MotionSequencePlayer/motionsequenceplayer.ih" />
		<Unit filename="JointController/MotionSequencePlayer/run.cc" />
		<Unit filename="JointController/MotionSequencePlayer/runCurrentStep.cc" />
		<Unit filename="JointController/jointcontroller.hh" />
		<Unit filename="Localizer/KalmanLocalizer/KalmanLocalizer.cc" />
		<Unit filename="Localizer/KalmanLocalizer/addGlobalMeasurement.cc" />
		<Unit filename="Localizer/KalmanLocalizer/getCochleaIdForObject.cc" />
		<Unit filename="Localizer/KalmanLocalizer/getDirections.cc" />
		<Unit filename="Localizer/KalmanLocalizer/getGoalMidpoint.cc" />
		<Unit filename="Localizer/KalmanLocalizer/globalToLocal.cc" />
		<Unit filename="Localizer/KalmanLocalizer/init.cc" />
		<Unit filename="Localizer/KalmanLocalizer/kalmanlocalizer.hh" />
		<Unit filename="Localizer/KalmanLocalizer/kalmanlocalizer.ih" />
		<Unit filename="Localizer/KalmanLocalizer/onBeam.cc" />
		<Unit filename="Localizer/KalmanLocalizer/tryObserveGlobalRotation.cc" />
		<Unit filename="Localizer/KalmanLocalizer/update.cc" />
		<Unit filename="Localizer/KalmanLocalizer/updateBallGlobal.cc" />
		<Unit filename="Localizer/KalmanLocalizer/updateGlobalRotation.cc" />
		<Unit filename="Localizer/KalmanLocalizer/updatePlayersGlobal.cc" />
		<Unit filename="Localizer/KalmanLocalizer/updateRaw.cc" />
		<Unit filename="Localizer/KalmanLocalizer/updateSelfGlobal.cc" />
		<Unit filename="Localizer/SimpleLocalizer/SimpleLocalizer.cc" />
		<Unit filename="Localizer/SimpleLocalizer/simplelocalizer.hh" />
		<Unit filename="Localizer/SimpleLocalizer/simplelocalizer.ih" />
		<Unit filename="Localizer/SimpleLocalizer/update.cc" />
		<Unit filename="Localizer/getAliveObjects.cc" />
		<Unit filename="Localizer/getFilteredObjects.cc" />
		<Unit filename="Localizer/getFilteredPlayers.cc" />
		<Unit filename="Localizer/localizer.hh" />
		<Unit filename="Localizer/localizer.ih" />
		<Unit filename="Math/atSameSideOf.cc" />
		<Unit filename="Math/basicmath.hh" />
		<Unit filename="Math/calcperpend.cc" />
		<Unit filename="Math/cartesianToPolar.cc" />
		<Unit filename="Math/config.hh" />
		<Unit filename="Math/distanceLinePoint.cc" />
		<Unit filename="Math/intersectLineCircle.cc" />
		<Unit filename="Math/intersectLines2D.cc" />
		<Unit filename="Math/intersectVectorPlane.cc" />
		<Unit filename="Math/linePointClosestToPoint.cc" />
		<Unit filename="Math/makeRotation.cc" />
		<Unit filename="Math/math.hh" />
		<Unit filename="Math/math.ih" />
		<Unit filename="Math/polarToCartesian.cc" />
		<Unit filename="MotionSequence/motionsequence.hh" />
		<Unit filename="ObjectInfo/DynamicObjectInfo/PlayerInfo/PlayerInfo.cc" />
		<Unit filename="ObjectInfo/DynamicObjectInfo/PlayerInfo/playerinfo.hh" />
		<Unit filename="ObjectInfo/DynamicObjectInfo/dynamicobjectinfo.hh" />
		<Unit filename="ObjectInfo/ObjectInfo.cc" />
		<Unit filename="ObjectInfo/objectinfo.hh" />
		<Unit filename="PCSelector/UnumPCSelector/unumpcselector.hh" />
		<Unit filename="PCSelector/pcselector.hh" />
		<Unit filename="Parser/generate.cc" />
		<Unit filename="Parser/initialize.cc" />
		<Unit filename="Parser/parse.cc" />
		<Unit filename="Parser/parser.hh" />
		<Unit filename="Parser/parser.ih" />
		<Unit filename="Parser/parser0.cc" />
		<Unit filename="Parser/static.cc" />
		<Unit filename="Path/init.cc" />
		<Unit filename="Path/path.cc" />
		<Unit filename="Path/path.hh" />
		<Unit filename="Path/path.ih" />
		<Unit filename="PlayerClass/playerclass.hh" />
		<Unit filename="PlayerClass/playerclass.ih" />
		<Unit filename="PlayerClass/static.cc" />
		<Unit filename="PortableParser/portableparser.hh" />
		<Unit filename="PortableParser/static.cc" />
		<Unit filename="Predicate/copy.cc" />
		<Unit filename="Predicate/destroy.cc" />
		<Unit filename="Predicate/generate.cc" />
		<Unit filename="Predicate/operator0.cc" />
		<Unit filename="Predicate/predicate.hh" />
		<Unit filename="Predicate/predicate.ih" />
		<Unit filename="Predicate/toString.cc" />
		<Unit filename="Preprocessor/debug.hh" />
		<Unit filename="Preprocessor/foreach.hh" />
		<Unit filename="Random/random.hh" />
		<Unit filename="Random/random.ih" />
		<Unit filename="Random/seed.cc" />
		<Unit filename="Random/stdNorm.cc" />
		<Unit filename="Random/uniform.cc" />
		<Unit filename="Random/uniform2.cc" />
		<Unit filename="Range/range.hh" />
		<Unit filename="Shape/shape.hh" />
		<Unit filename="Singleton/singleton.hh" />
		<Unit filename="SituationDetector/SimpleSituationDetector/simplesituationdetector.hh" />
		<Unit filename="SituationDetector/situationdetector.hh" />
		<Unit filename="Socket/socket.cc" />
		<Unit filename="Socket/socket.hh" />
		<Unit filename="SocketAddress/socketaddress.cc" />
		<Unit filename="SocketAddress/socketaddress.hh" />
		<Unit filename="SocketComm/AgentSocketComm/agentsocketcomm.hh" />
		<Unit filename="SocketComm/AgentSocketComm/agentsocketcomm.ih" />
		<Unit filename="SocketComm/AgentSocketComm/beam.cc" />
		<Unit filename="SocketComm/AgentSocketComm/init.cc" />
		<Unit filename="SocketComm/AgentSocketComm/makeMoveHingeJoint.cc" />
		<Unit filename="SocketComm/AgentSocketComm/makemovetorquejointmessage.cc" />
		<Unit filename="SocketComm/AgentSocketComm/moveHingeJoint.cc" />
		<Unit filename="SocketComm/AgentSocketComm/moveJoint.cc" />
		<Unit filename="SocketComm/AgentSocketComm/moveUniversalJoint.cc" />
		<Unit filename="SocketComm/AgentSocketComm/movetorquejoint.cc" />
		<Unit filename="SocketComm/AgentSocketComm/say.cc" />
		<Unit filename="SocketComm/AgentSocketComm/syn.cc" />
		<Unit filename="SocketComm/AgentSocketComm/update.cc" />
		<Unit filename="SocketComm/SocketComm.cc" />
		<Unit filename="SocketComm/TrainerSocketComm/init.cc" />
		<Unit filename="SocketComm/TrainerSocketComm/kickOff.cc" />
		<Unit filename="SocketComm/TrainerSocketComm/setBallPos.cc" />
		<Unit filename="SocketComm/TrainerSocketComm/setBallPosVel.cc" />
		<Unit filename="SocketComm/TrainerSocketComm/setBallVel.cc" />
		<Unit filename="SocketComm/TrainerSocketComm/setPlayMode.cc" />
		<Unit filename="SocketComm/TrainerSocketComm/static.cc" />
		<Unit filename="SocketComm/TrainerSocketComm/trainersocketcomm.hh" />
		<Unit filename="SocketComm/TrainerSocketComm/trainersocketcomm.ih" />
		<Unit filename="SocketComm/connect.cc" />
		<Unit filename="SocketComm/initConnection.cc" />
		<Unit filename="SocketComm/initSocket.cc" />
		<Unit filename="SocketComm/nextMessage.cc" />
		<Unit filename="SocketComm/parseInput.cc" />
		<Unit filename="SocketComm/receive.cc" />
		<Unit filename="SocketComm/send.cc" />
		<Unit filename="SocketComm/sendmessage.cc" />
		<Unit filename="SocketComm/socketcomm.hh" />
		<Unit filename="SocketComm/socketcomm.ih" />
		<Unit filename="TimeVal/timeval.cc" />
		<Unit filename="TimeVal/timeval.hh" />
		<Unit filename="Types/dualOf.cc" />
		<Unit filename="Types/getPlayerWithUnum.cc" />
		<Unit filename="Types/isTeamMate.cc" />
		<Unit filename="Types/nameOf.cc" />
		<Unit filename="Types/objectEnumFor.cc" />
		<Unit filename="Types/types.hh" />
		<Unit filename="Types/types.ih" />
		<Unit filename="Types/unumFor.cc" />
		<Unit filename="WorldModel/getDirectionOfFall.cc" />
		<Unit filename="WorldModel/getDirectionOfOpponentGoal.cc" />
		<Unit filename="WorldModel/initJoints.cc" />
		<Unit filename="WorldModel/initWeights.cc" />
		<Unit filename="WorldModel/onMyBack.cc" />
		<Unit filename="WorldModel/onMyBelly.cc" />
		<Unit filename="WorldModel/onMyFeet.cc" />
		<Unit filename="WorldModel/onMySide.cc" />
		<Unit filename="WorldModel/otherCloserTo.cc" />
		<Unit filename="WorldModel/static.cc" />
		<Unit filename="WorldModel/update.cc" />
		<Unit filename="WorldModel/updateGameState.cc" />
		<Unit filename="WorldModel/worldmodel.cc" />
		<Unit filename="WorldModel/worldmodel.hh" />
		<Unit filename="WorldModel/worldmodel.ih" />
		<Unit filename="configure.hh" />
		<Unit filename="docs/doc.hh" />
		<Unit filename="examples/dribble/DribbleAgent/DribbleAgent.cc" />
		<Unit filename="examples/dribble/DribbleAgent/determineWhereToLook.cc" />
		<Unit filename="examples/dribble/DribbleAgent/determineWhereToWalk.cc" />
		<Unit filename="examples/dribble/DribbleAgent/dribbleagent.hh" />
		<Unit filename="examples/dribble/DribbleAgent/dribbleagent.ih" />
		<Unit filename="examples/dribble/DribbleAgent/init.cc" />
		<Unit filename="examples/dribble/DribbleAgent/stand.cc" />
		<Unit filename="examples/dribble/DribbleAgent/think.cc" />
		<Unit filename="examples/dribble/conf.xml" />
		<Unit filename="examples/dribble/dribble.cc" />
		<Unit filename="examples/dribble/nao_mdl.xml" />
		<Unit filename="examples/helloworld/HelloWorldAgent/helloworldagent.hh" />
		<Unit filename="examples/helloworld/HelloWorldAgent/helloworldagent.ih" />
		<Unit filename="examples/helloworld/HelloWorldAgent/init.cc" />
		<Unit filename="examples/helloworld/HelloWorldAgent/think.cc" />
		<Unit filename="examples/helloworld/helloworld.cc" />
		<Unit filename="xml/conf.xml" />
		<Unit filename="xml/nao_mdl.xml" />
		<Extensions>
			<code_completion />
			<debugger />
		</Extensions>
	</Project>
</CodeBlocks_project_file>
